
Microsoft Visual Studio Solution File, Format Version 12.00
# Visual Studio Version 17
VisualStudioVersion = 17.5.33414.496
MinimumVisualStudioVersion = 10.0.40219.1
Project("{FAE04EC0-301F-11D3-BF4B-00C04F79EFBC}") = "EmptyCommerce1", "EmptyCommerce1.csproj", "{03F5668F-4D95-4B42-B535-FB14CA8A7836}"
EndProject
Global
	GlobalSection(SolutionConfigurationPlatforms) = preSolution
		Debug|Any CPU = Debug|Any CPU
		Release|Any CPU = Release|Any CPU
	EndGlobalSection
	GlobalSection(ProjectConfigurationPlatforms) = postSolution
		{03F5668F-4D95-4B42-B535-FB14CA8A7836}.Debug|Any CPU.ActiveCfg = Debug|Any CPU
		{03F5668F-4D95-4B42-B535-FB14CA8A7836}.Debug|Any CPU.Build.0 = Debug|Any CPU
		{03F5668F-4D95-4B42-B535-FB14CA8A7836}.Release|Any CPU.ActiveCfg = Release|Any CPU
		{03F5668F-4D95-4B42-B535-FB14CA8A7836}.Release|Any CPU.Build.0 = Release|Any CPU
	EndGlobalSection
	GlobalSection(SolutionProperties) = preSolution
		HideSolutionNode = FALSE
	EndGlobalSection
	GlobalSection(ExtensibilityGlobals) = postSolution
		SolutionGuid = {F56E1B0C-D3D1-41B6-95C0-091287AAA644}
	EndGlobalSection
EndGlobal
